// !$*UTF8*$!
{
	archiveVersion = 1;
	classes = {
	};
	objectVersion = 55;
	objects = {

/* Begin PBXBuildFile section */
		C925477728A2043A00C7CB02 /* Expenses.swift in Sources */ = {isa = PBXBuildFile; fileRef = C925477628A2043A00C7CB02 /* Expenses.swift */; };
		C99FB00628A0A2B2001BE269 /* iExpenseApp.swift in Sources */ = {isa = PBXBuildFile; fileRef = C99FB00528A0A2B2001BE269 /* iExpenseApp.swift */; };
		C99FB00828A0A2B2001BE269 /* ContentView.swift in Sources */ = {isa = PBXBuildFile; fileRef = C99FB00728A0A2B2001BE269 /* ContentView.swift */; };
		C99FB00A28A0A2B2001BE269 /* Assets.xcassets in Resources */ = {isa = PBXBuildFile; fileRef = C99FB00928A0A2B2001BE269 /* Assets.xcassets */; };
		C99FB00D28A0A2B2001BE269 /* Preview Assets.xcassets in Resources */ = {isa = PBXBuildFile; fileRef = C99FB00C28A0A2B2001BE269 /* Preview Assets.xcassets */; };
		C99FB01728A0A2B3001BE269 /* iExpenseTests.swift in Sources */ = {isa = PBXBuildFile; fileRef = C99FB01628A0A2B3001BE269 /* iExpenseTests.swift */; };
		C99FB02128A0A2B3001BE269 /* iExpenseUITests.swift in Sources */ = {isa = PBXBuildFile; fileRef = C99FB02028A0A2B3001BE269 /* iExpenseUITests.swift */; };
		C99FB02328A0A2B3001BE269 /* iExpenseUITestsLaunchTests.swift in Sources */ = {isa = PBXBuildFile; fileRef = C99FB02228A0A2B3001BE269 /* iExpenseUITestsLaunchTests.swift */; };
/* End PBXBuildFile section */

/* Begin PBXContainerItemProxy section */
		C99FB01328A0A2B3001BE269 /* PBXContainerItemProxy */ = {
			isa = PBXContainerItemProxy;
			containerPortal = C99FAFFA28A0A2B2001BE269 /* Project object */;
			proxyType = 1;
			remoteGlobalIDString = C99FB00128A0A2B2001BE269;
			remoteInfo = iExpense;
		};
		C99FB01D28A0A2B3001BE269 /* PBXContainerItemProxy */ = {
			isa = PBXContainerItemProxy;
			containerPortal = C99FAFFA28A0A2B2001BE269 /* Project object */;
			proxyType = 1;
			remoteGlobalIDString = C99FB00128A0A2B2001BE269;
			remoteInfo = iExpense;
		};
/* End PBXContainerItemProxy section */

/* Begin PBXFileReference section */
		C925477628A2043A00C7CB02 /* Expenses.swift */ = {isa = PBXFileReference; lastKnownFileType = sourcecode.swift; path = Expenses.swift; sourceTree = "<group>"; };
		C99FB00228A0A2B2001BE269 /* iExpense.app */ = {isa = PBXFileReference; explicitFileType = wrapper.application; includeInIndex = 0; path = iExpense.app; sourceTree = BUILT_PRODUCTS_DIR; };
		C99FB00528A0A2B2001BE269 /* iExpenseApp.swift */ = {isa = PBXFileReference; lastKnownFileType = sourcecode.swift; path = iExpenseApp.swift; sourceTree = "<group>"; };
		C99FB00728A0A2B2001BE269 /* ContentView.swift */ = {isa = PBXFileReference; lastKnownFileType = sourcecode.swift; path = ContentView.swift; sourceTree = "<group>"; };
		C99FB00928A0A2B2001BE269 /* Assets.xcassets */ = {isa = PBXFileReference; lastKnownFileType = folder.assetcatalog; path = Assets.xcassets; sourceTree = "<group>"; };
		C99FB00C28A0A2B2001BE269 /* Preview Assets.xcassets */ = {isa = PBXFileReference; lastKnownFileType = folder.assetcatalog; path = "Preview Assets.xcassets"; sourceTree = "<group>"; };
		C99FB01228A0A2B3001BE269 /* iExpenseTests.xctest */ = {isa = PBXFileReference; explicitFileType = wrapper.cfbundle; includeInIndex = 0; path = iExpenseTests.xctest; sourceTree = BUILT_PRODUCTS_DIR; };
		C99FB01628A0A2B3001BE269 /* iExpenseTests.swift */ = {isa = PBXFileReference; lastKnownFileType = sourcecode.swift; path = iExpenseTests.swift; sourceTree = "<group>"; };
		C99FB01C28A0A2B3001BE269 /* iExpenseUITests.xctest */ = {isa = PBXFileReference; explicitFileType = wrapper.cfbundle; includeInIndex = 0; path = iExpenseUITests.xctest; sourceTree = BUILT_PRODUCTS_DIR; };
		C99FB02028A0A2B3001BE269 /* iExpenseUITests.swift */ = {isa = PBXFileReference; lastKnownFileType = sourcecode.swift; path = iExpenseUITests.swift; sourceTree = "<group>"; };
		C99FB02228A0A2B3001BE269 /* iExpenseUITestsLaunchTests.swift */ = {isa = PBXFileReference; lastKnownFileType = sourcecode.swift; path = iExpenseUITestsLaunchTests.swift; sourceTree = "<group>"; };
/* End PBXFileReference section */

/* Begin PBXFrameworksBuildPhase section */
		C99FAFFF28A0A2B2001BE269 /* Frameworks */ = {
			isa = PBXFrameworksBuildPhase;
			buildActionMask = 2147483647;
			files = (
			);
			runOnlyForDeploymentPostprocessing = 0;
		};
		C99FB00F28A0A2B3001BE269 /* Frameworks */ = {
			isa = PBXFrameworksBuildPhase;
			buildActionMask = 2147483647;
			files = (
			);
			runOnlyForDeploymentPostprocessing = 0;
		};
		C99FB01928A0A2B3001BE269 /* Frameworks */ = {
			isa = PBXFrameworksBuildPhase;
			buildActionMask = 2147483647;
			files = (
			);
			runOnlyForDeploymentPostprocessing = 0;
		};
/* End PBXFrameworksBuildPhase section */

/* Begin PBXGroup section */
		C925477328A203D700C7CB02 /* Models */ = {
			isa = PBXGroup;
			children = (
				C925477628A2043A00C7CB02 /* Expenses.swift */,
			);
			path = Models;
			sourceTree = "<group>";
		};
		C99FAFF928A0A2B2001BE269 = {
			isa = PBXGroup;
			children = (
				C99FB00428A0A2B2001BE269 /* iExpense */,
				C99FB01528A0A2B3001BE269 /* iExpenseTests */,
				C99FB01F28A0A2B3001BE269 /* iExpenseUITests */,
				C99FB00328A0A2B2001BE269 /* Products */,
			);
			sourceTree = "<group>";
		};
		C99FB00328A0A2B2001BE269 /* Products */ = {
			isa = PBXGroup;
			children = (
				C99FB00228A0A2B2001BE269 /* iExpense.app */,
				C99FB01228A0A2B3001BE269 /* iExpenseTests.xctest */,
				C99FB01C28A0A2B3001BE269 /* iExpenseUITests.xctest */,
			);
			name = Products;
			sourceTree = "<group>";
		};
		C99FB00428A0A2B2001BE269 /* iExpense */ = {
			isa = PBXGroup;
			children = (
				C925477328A203D700C7CB02 /* Models */,
				C99FB00528A0A2B2001BE269 /* iExpenseApp.swift */,
				C99FB00728A0A2B2001BE269 /* ContentView.swift */,
				C99FB00928A0A2B2001BE269 /* Assets.xcassets */,
				C99FB00B28A0A2B2001BE269 /* Preview Content */,
			);
			path = iExpense;
			sourceTree = "<group>";
		};
		C99FB00B28A0A2B2001BE269 /* Preview Content */ = {
			isa = PBXGroup;
			children = (
				C99FB00C28A0A2B2001BE269 /* Preview Assets.xcassets */,
			);
			path = "Preview Content";
			sourceTree = "<group>";
		};
		C99FB01528A0A2B3001BE269 /* iExpenseTests */ = {
			isa = PBXGroup;
			children = (
				C99FB01628A0A2B3001BE269 /* iExpenseTests.swift */,
			);
			path = iExpenseTests;
			sourceTree = "<group>";
		};
		C99FB01F28A0A2B3001BE269 /* iExpenseUITests */ = {
			isa = PBXGroup;
			children = (
				C99FB02028A0A2B3001BE269 /* iExpenseUITests.swift */,
				C99FB02228A0A2B3001BE269 /* iExpenseUITestsLaunchTests.swift */,
			);
			path = iExpenseUITests;
			sourceTree = "<group>";
		};
/* End PBXGroup section */

/* Begin PBXNativeTarget section */
		C99FB00128A0A2B2001BE269 /* iExpense */ = {
			isa = PBXNativeTarget;
			buildConfigurationList = C99FB02628A0A2B3001BE269 /* Build configuration list for PBXNativeTarget "iExpense" */;
			buildPhases = (
				C99FAFFE28A0A2B2001BE269 /* Sources */,
				C99FAFFF28A0A2B2001BE269 /* Frameworks */,
				C99FB00028A0A2B2001BE269 /* Resources */,
			);
			buildRules = (
			);
			dependencies = (
			);
			name = iExpense;
			productName = iExpense;
			productReference = C99FB00228A0A2B2001BE269 /* iExpense.app */;
			productType = "com.apple.product-type.application";
		};
		C99FB01128A0A2B3001BE269 /* iExpenseTests */ = {
			isa = PBXNativeTarget;
			buildConfigurationList = C99FB02928A0A2B3001BE269 /* Build configuration list for PBXNativeTarget "iExpenseTests" */;
			buildPhases = (
				C99FB00E28A0A2B3001BE269 /* Sources */,
				C99FB00F28A0A2B3001BE269 /* Frameworks */,
				C99FB01028A0A2B3001BE269 /* Resources */,
			);
			buildRules = (
			);
			dependencies = (
				C99FB01428A0A2B3001BE269 /* PBXTargetDependency */,
			);
			name = iExpenseTests;
			productName = iExpenseTests;
			productReference = C99FB01228A0A2B3001BE269 /* iExpenseTests.xctest */;
			productType = "com.apple.product-type.bundle.unit-test";
		};
		C99FB01B28A0A2B3001BE269 /* iExpenseUITests */ = {
			isa = PBXNativeTarget;
			buildConfigurationList = C99FB02C28A0A2B3001BE269 /* Build configuration list for PBXNativeTarget "iExpenseUITests" */;
			buildPhases = (
				C99FB01828A0A2B3001BE269 /* Sources */,
				C99FB01928A0A2B3001BE269 /* Frameworks */,
				C99FB01A28A0A2B3001BE269 /* Resources */,
			);
			buildRules = (
			);
			dependencies = (
				C99FB01E28A0A2B3001BE269 /* PBXTargetDependency */,
			);
			name = iExpenseUITests;
			productName = iExpenseUITests;
			productReference = C99FB01C28A0A2B3001BE269 /* iExpenseUITests.xctest */;
			productType = "com.apple.product-type.bundle.ui-testing";
		};
/* End PBXNativeTarget section */

/* Begin PBXProject section */
		C99FAFFA28A0A2B2001BE269 /* Project object */ = {
			isa = PBXProject;
			attributes = {
				BuildIndependentTargetsInParallel = 1;
				LastSwiftUpdateCheck = 1340;
				LastUpgradeCheck = 1340;
				TargetAttributes = {
					C99FB00128A0A2B2001BE269 = {
						CreatedOnToolsVersion = 13.4.1;
					};
					C99FB01128A0A2B3001BE269 = {
						CreatedOnToolsVersion = 13.4.1;
						TestTargetID = C99FB00128A0A2B2001BE269;
					};
					C99FB01B28A0A2B3001BE269 = {
						CreatedOnToolsVersion = 13.4.1;
						TestTargetID = C99FB00128A0A2B2001BE269;
					};
				};
			};
			buildConfigurationList = C99FAFFD28A0A2B2001BE269 /* Build configuration list for PBXProject "iExpense" */;
			compatibilityVersion = "Xcode 13.0";
			developmentRegion = en;
			hasScannedForEncodings = 0;
			knownRegions = (
				en,
				Base,
			);
			mainGroup = C99FAFF928A0A2B2001BE269;
			productRefGroup = C99FB00328A0A2B2001BE269 /* Products */;
			projectDirPath = "";
			projectRoot = "";
			targets = (
				C99FB00128A0A2B2001BE269 /* iExpense */,
				C99FB01128A0A2B3001BE269 /* iExpenseTests */,
				C99FB01B28A0A2B3001BE269 /* iExpenseUITests */,
			);
		};
/* End PBXProject section */

/* Begin PBXResourcesBuildPhase section */
		C99FB00028A0A2B2001BE269 /* Resources */ = {
			isa = PBXResourcesBuildPhase;
			buildActionMask = 2147483647;
			files = (
				C99FB00D28A0A2B2001BE269 /* Preview Assets.xcassets in Resources */,
				C99FB00A28A0A2B2001BE269 /* Assets.xcassets in Resources */,
			);
			runOnlyForDeploymentPostprocessing = 0;
		};
		C99FB01028A0A2B3001BE269 /* Resources */ = {
			isa = PBXResourcesBuildPhase;
			buildActionMask = 2147483647;
			files = (
			);
			runOnlyForDeploymentPostprocessing = 0;
		};
		C99FB01A28A0A2B3001BE269 /* Resources */ = {
			isa = PBXResourcesBuildPhase;
			buildActionMask = 2147483647;
			files = (
			);
			runOnlyForDeploymentPostprocessing = 0;
		};
/* End PBXResourcesBuildPhase section */

/* Begin PBXSourcesBuildPhase section */
		C99FAFFE28A0A2B2001BE269 /* Sources */ = {
			isa = PBXSourcesBuildPhase;
			buildActionMask = 2147483647;
			files = (
				C925477728A2043A00C7CB02 /* Expenses.swift in Sources */,
				C99FB00828A0A2B2001BE269 /* ContentView.swift in Sources */,
				C99FB00628A0A2B2001BE269 /* iExpenseApp.swift in Sources */,
			);
			runOnlyForDeploymentPostprocessing = 0;
		};
		C99FB00E28A0A2B3001BE269 /* Sources */ = {
			isa = PBXSourcesBuildPhase;
			buildActionMask = 2147483647;
			files = (
				C99FB01728A0A2B3001BE269 /* iExpenseTests.swift in Sources */,
			);
			runOnlyForDeploymentPostprocessing = 0;
		};
		C99FB01828A0A2B3001BE269 /* Sources */ = {
			isa = PBXSourcesBuildPhase;
			buildActionMask = 2147483647;
			files = (
				C99FB02328A0A2B3001BE269 /* iExpenseUITestsLaunchTests.swift in Sources */,
				C99FB02128A0A2B3001BE269 /* iExpenseUITests.swift in Sources */,
			);
			runOnlyForDeploymentPostprocessing = 0;
		};
/* End PBXSourcesBuildPhase section */

/* Begin PBXTargetDependency section */
		C99FB01428A0A2B3001BE269 /* PBXTargetDependency */ = {
			isa = PBXTargetDependency;
			target = C99FB00128A0A2B2001BE269 /* iExpense */;
			targetProxy = C99FB01328A0A2B3001BE269 /* PBXContainerItemProxy */;
		};
		C99FB01E28A0A2B3001BE269 /* PBXTargetDependency */ = {
			isa = PBXTargetDependency;
			target = C99FB00128A0A2B2001BE269 /* iExpense */;
			targetProxy = C99FB01D28A0A2B3001BE269 /* PBXContainerItemProxy */;
		};
/* End PBXTargetDependency section */

/* Begin XCBuildConfiguration section */
		C99FB02428A0A2B3001BE269 /* Debug */ = {
			isa = XCBuildConfiguration;
			buildSettings = {
				ALWAYS_SEARCH_USER_PATHS = NO;
				CLANG_ANALYZER_NONNULL = YES;
				CLANG_ANALYZER_NUMBER_OBJECT_CONVERSION = YES_AGGRESSIVE;
				CLANG_CXX_LANGUAGE_STANDARD = "gnu++17";
				CLANG_ENABLE_MODULES = YES;
				CLANG_ENABLE_OBJC_ARC = YES;
				CLANG_ENABLE_OBJC_WEAK = YES;
				CLANG_WARN_BLOCK_CAPTURE_AUTORELEASING = YES;
				CLANG_WARN_BOOL_CONVERSION = YES;
				CLANG_WARN_COMMA = YES;
				CLANG_WARN_CONSTANT_CONVERSION = YES;
				CLANG_WARN_DEPRECATED_OBJC_IMPLEMENTATIONS = YES;
				CLANG_WARN_DIRECT_OBJC_ISA_USAGE = YES_ERROR;
				CLANG_WARN_DOCUMENTATION_COMMENTS = YES;
				CLANG_WARN_EMPTY_BODY = YES;
				CLANG_WARN_ENUM_CONVERSION = YES;
				CLANG_WARN_INFINITE_RECURSION = YES;
				CLANG_WARN_INT_CONVERSION = YES;
				CLANG_WARN_NON_LITERAL_NULL_CONVERSION = YES;
				CLANG_WARN_OBJC_IMPLICIT_RETAIN_SELF = YES;
				CLANG_WARN_OBJC_LITERAL_CONVERSION = YES;
				CLANG_WARN_OBJC_ROOT_CLASS = YES_ERROR;
				CLANG_WARN_QUOTED_INCLUDE_IN_FRAMEWORK_HEADER = YES;
				CLANG_WARN_RANGE_LOOP_ANALYSIS = YES;
				CLANG_WARN_STRICT_PROTOTYPES = YES;
				CLANG_WARN_SUSPICIOUS_MOVE = YES;
				CLANG_WARN_UNGUARDED_AVAILABILITY = YES_AGGRESSIVE;
				CLANG_WARN_UNREACHABLE_CODE = YES;
				CLANG_WARN__DUPLICATE_METHOD_MATCH = YES;
				COPY_PHASE_STRIP = NO;
				DEBUG_INFORMATION_FORMAT = dwarf;
				ENABLE_STRICT_OBJC_MSGSEND = YES;
				ENABLE_TESTABILITY = YES;
				GCC_C_LANGUAGE_STANDARD = gnu11;
				GCC_DYNAMIC_NO_PIC = NO;
				GCC_NO_COMMON_BLOCKS = YES;
				GCC_OPTIMIZATION_LEVEL = 0;
				GCC_PREPROCESSOR_DEFINITIONS = (
					"DEBUG=1",
					"$(inherited)",
				);
				GCC_WARN_64_TO_32_BIT_CONVERSION = YES;
				GCC_WARN_ABOUT_RETURN_TYPE = YES_ERROR;
				GCC_WARN_UNDECLARED_SELECTOR = YES;
				GCC_WARN_UNINITIALIZED_AUTOS = YES_AGGRESSIVE;
				GCC_WARN_UNUSED_FUNCTION = YES;
				GCC_WARN_UNUSED_VARIABLE = YES;
				IPHONEOS_DEPLOYMENT_TARGET = 15.5;
				MTL_ENABLE_DEBUG_INFO = INCLUDE_SOURCE;
				MTL_FAST_MATH = YES;
				ONLY_ACTIVE_ARCH = YES;
				SDKROOT = iphoneos;
				SWIFT_ACTIVE_COMPILATION_CONDITIONS = DEBUG;
				SWIFT_OPTIMIZATION_LEVEL = "-Onone";
			};
			name = Debug;
		};
		C99FB02528A0A2B3001BE269 /* Release */ = {
			isa = XCBuildConfiguration;
			buildSettings = {
				ALWAYS_SEARCH_USER_PATHS = NO;
				CLANG_ANALYZER_NONNULL = YES;
				CLANG_ANALYZER_NUMBER_OBJECT_CONVERSION = YES_AGGRESSIVE;
				CLANG_CXX_LANGUAGE_STANDARD = "gnu++17";
				CLANG_ENABLE_MODULES = YES;
				CLANG_ENABLE_OBJC_ARC = YES;
				CLANG_ENABLE_OBJC_WEAK = YES;
				CLANG_WARN_BLOCK_CAPTURE_AUTORELEASING = YES;
				CLANG_WARN_BOOL_CONVERSION = YES;
				CLANG_WARN_COMMA = YES;
				CLANG_WARN_CONSTANT_CONVERSION = YES;
				CLANG_WARN_DEPRECATED_OBJC_IMPLEMENTATIONS = YES;
				CLANG_WARN_DIRECT_OBJC_ISA_USAGE = YES_ERROR;
				CLANG_WARN_DOCUMENTATION_COMMENTS = YES;
				CLANG_WARN_EMPTY_BODY = YES;
				CLANG_WARN_ENUM_CONVERSION = YES;
				CLANG_WARN_INFINITE_RECURSION = YES;
				CLANG_WARN_INT_CONVERSION = YES;
				CLANG_WARN_NON_LITERAL_NULL_CONVERSION = YES;
				CLANG_WARN_OBJC_IMPLICIT_RETAIN_SELF = YES;
				CLANG_WARN_OBJC_LITERAL_CONVERSION = YES;
				CLANG_WARN_OBJC_ROOT_CLASS = YES_ERROR;
				CLANG_WARN_QUOTED_INCLUDE_IN_FRAMEWORK_HEADER = YES;
				CLANG_WARN_RANGE_LOOP_ANALYSIS = YES;
				CLANG_WARN_STRICT_PROTOTYPES = YES;
				CLANG_WARN_SUSPICIOUS_MOVE = YES;
				CLANG_WARN_UNGUARDED_AVAILABILITY = YES_AGGRESSIVE;
				CLANG_WARN_UNREACHABLE_CODE = YES;
				CLANG_WARN__DUPLICATE_METHOD_MATCH = YES;
				COPY_PHASE_STRIP = NO;
				DEBUG_INFORMATION_FORMAT = "dwarf-with-dsym";
				ENABLE_NS_ASSERTIONS = NO;
				ENABLE_STRICT_OBJC_MSGSEND = YES;
				GCC_C_LANGUAGE_STANDARD = gnu11;
				GCC_NO_COMMON_BLOCKS = YES;
				GCC_WARN_64_TO_32_BIT_CONVERSION = YES;
				GCC_WARN_ABOUT_RETURN_TYPE = YES_ERROR;
				GCC_WARN_UNDECLARED_SELECTOR = YES;
				GCC_WARN_UNINITIALIZED_AUTOS = YES_AGGRESSIVE;
				GCC_WARN_UNUSED_FUNCTION = YES;
				GCC_WARN_UNUSED_VARIABLE = YES;
				IPHONEOS_DEPLOYMENT_TARGET = 15.5;
				MTL_ENABLE_DEBUG_INFO = NO;
				MTL_FAST_MATH = YES;
				SDKROOT = iphoneos;
				SWIFT_COMPILATION_MODE = wholemodule;
				SWIFT_OPTIMIZATION_LEVEL = "-O";
				VALIDATE_PRODUCT = YES;
			};
			name = Release;
		};
		C99FB02728A0A2B3001BE269 /* Debug */ = {
			isa = XCBuildConfiguration;
			buildSettings = {
				ASSETCATALOG_COMPILER_APPICON_NAME = AppIcon;
				ASSETCATALOG_COMPILER_GLOBAL_ACCENT_COLOR_NAME = AccentColor;
				CODE_SIGN_STYLE = Automatic;
				CURRENT_PROJECT_VERSION = 1;
				DEVELOPMENT_ASSET_PATHS = "\"iExpense/Preview Content\"";
				DEVELOPMENT_TEAM = TK2D96DLGZ;
				ENABLE_PREVIEWS = YES;
				GENERATE_INFOPLIST_FILE = YES;
				INFOPLIST_KEY_UIApplicationSceneManifest_Generation = YES;
				INFOPLIST_KEY_UIApplicationSupportsIndirectInputEvents = YES;
				INFOPLIST_KEY_UILaunchScreen_Generation = YES;
				INFOPLIST_KEY_UISupportedInterfaceOrientations_iPad = "UIInterfaceOrientationPortrait UIInterfaceOrientationPortraitUpsideDown UIInterfaceOrientationLandscapeLeft UIInterfaceOrientationLandscapeRight";
				INFOPLIST_KEY_UISupportedInterfaceOrientations_iPhone = "UIInterfaceOrientationPortrait UIInterfaceOrientationLandscapeLeft UIInterfaceOrientationLandscapeRight";
				LD_RUNPATH_SEARCH_PATHS = (
					"$(inherited)",
					"@executable_path/Frameworks",
				);
				MARKETING_VERSION = 1.0;
				PRODUCT_BUNDLE_IDENTIFIER = com.jguo.iExpense;
				PRODUCT_NAME = "$(TARGET_NAME)";
				SWIFT_EMIT_LOC_STRINGS = YES;
				SWIFT_VERSION = 5.0;
				TARGETED_DEVICE_FAMILY = "1,2";
			};
			name = Debug;
		};
		C99FB02828A0A2B3001BE269 /* Release */ = {
			isa = XCBuildConfiguration;
			buildSettings = {
				ASSETCATALOG_COMPILER_APPICON_NAME = AppIcon;
				ASSETCATALOG_COMPILER_GLOBAL_ACCENT_COLOR_NAME = AccentColor;
				CODE_SIGN_STYLE = Automatic;
				CURRENT_PROJECT_VERSION = 1;
				DEVELOPMENT_ASSET_PATHS = "\"iExpense/Preview Content\"";
				DEVELOPMENT_TEAM = TK2D96DLGZ;
				ENABLE_PREVIEWS = YES;
				GENERATE_INFOPLIST_FILE = YES;
				INFOPLIST_KEY_UIApplicationSceneManifest_Generation = YES;
				INFOPLIST_KEY_UIApplicationSupportsIndirectInputEvents = YES;
				INFOPLIST_KEY_UILaunchScreen_Generation = YES;
				INFOPLIST_KEY_UISupportedInterfaceOrientations_iPad = "UIInterfaceOrientationPortrait UIInterfaceOrientationPortraitUpsideDown UIInterfaceOrientationLandscapeLeft UIInterfaceOrientationLandscapeRight";
				INFOPLIST_KEY_UISupportedInterfaceOrientations_iPhone = "UIInterfaceOrientationPortrait UIInterfaceOrientationLandscapeLeft UIInterfaceOrientationLandscapeRight";
				LD_RUNPATH_SEARCH_PATHS = (
					"$(inherited)",
					"@executable_path/Frameworks",
				);
				MARKETING_VERSION = 1.0;
				PRODUCT_BUNDLE_IDENTIFIER = com.jguo.iExpense;
				PRODUCT_NAME = "$(TARGET_NAME)";
				SWIFT_EMIT_LOC_STRINGS = YES;
				SWIFT_VERSION = 5.0;
				TARGETED_DEVICE_FAMILY = "1,2";
			};
			name = Release;
		};
		C99FB02A28A0A2B3001BE269 /* Debug */ = {
			isa = XCBuildConfiguration;
			buildSettings = {
				ALWAYS_EMBED_SWIFT_STANDARD_LIBRARIES = YES;
				BUNDLE_LOADER = "$(TEST_HOST)";
				CODE_SIGN_STYLE = Automatic;
				CURRENT_PROJECT_VERSION = 1;
				DEVELOPMENT_TEAM = TK2D96DLGZ;
				GENERATE_INFOPLIST_FILE = YES;
				IPHONEOS_DEPLOYMENT_TARGET = 15.5;
				MARKETING_VERSION = 1.0;
				PRODUCT_BUNDLE_IDENTIFIER = com.jguo.iExpenseTests;
				PRODUCT_NAME = "$(TARGET_NAME)";
				SWIFT_EMIT_LOC_STRINGS = NO;
				SWIFT_VERSION = 5.0;
				TARGETED_DEVICE_FAMILY = "1,2";
				TEST_HOST = "$(BUILT_PRODUCTS_DIR)/iExpense.app/iExpense";
			};
			name = Debug;
		};
		C99FB02B28A0A2B3001BE269 /* Release */ = {
			isa = XCBuildConfiguration;
			buildSettings = {
				ALWAYS_EMBED_SWIFT_STANDARD_LIBRARIES = YES;
				BUNDLE_LOADER = "$(TEST_HOST)";
				CODE_SIGN_STYLE = Automatic;
				CURRENT_PROJECT_VERSION = 1;
				DEVELOPMENT_TEAM = TK2D96DLGZ;
				GENERATE_INFOPLIST_FILE = YES;
				IPHONEOS_DEPLOYMENT_TARGET = 15.5;
				MARKETING_VERSION = 1.0;
				PRODUCT_BUNDLE_IDENTIFIER = com.jguo.iExpenseTests;
				PRODUCT_NAME = "$(TARGET_NAME)";
				SWIFT_EMIT_LOC_STRINGS = NO;
				SWIFT_VERSION = 5.0;
				TARGETED_DEVICE_FAMILY = "1,2";
				TEST_HOST = "$(BUILT_PRODUCTS_DIR)/iExpense.app/iExpense";
			};
			name = Release;
		};
		C99FB02D28A0A2B3001BE269 /* Debug */ = {
			isa = XCBuildConfiguration;
			buildSettings = {
				ALWAYS_EMBED_SWIFT_STANDARD_LIBRARIES = YES;
				CODE_SIGN_STYLE = Automatic;
				CURRENT_PROJECT_VERSION = 1;
				DEVELOPMENT_TEAM = TK2D96DLGZ;
				GENERATE_INFOPLIST_FILE = YES;
				MARKETING_VERSION = 1.0;
				PRODUCT_BUNDLE_IDENTIFIER = com.jguo.iExpenseUITests;
				PRODUCT_NAME = "$(TARGET_NAME)";
				SWIFT_EMIT_LOC_STRINGS = NO;
				SWIFT_VERSION = 5.0;
				TARGETED_DEVICE_FAMILY = "1,2";
				TEST_TARGET_NAME = iExpense;
			};
			name = Debug;
		};
		C99FB02E28A0A2B3001BE269 /* Release */ = {
			isa = XCBuildConfiguration;
			buildSettings = {
				ALWAYS_EMBED_SWIFT_STANDARD_LIBRARIES = YES;
				CODE_SIGN_STYLE = Automatic;
				CURRENT_PROJECT_VERSION = 1;
				DEVELOPMENT_TEAM = TK2D96DLGZ;
				GENERATE_INFOPLIST_FILE = YES;
				MARKETING_VERSION = 1.0;
				PRODUCT_BUNDLE_IDENTIFIER = com.jguo.iExpenseUITests;
				PRODUCT_NAME = "$(TARGET_NAME)";
				SWIFT_EMIT_LOC_STRINGS = NO;
				SWIFT_VERSION = 5.0;
				TARGETED_DEVICE_FAMILY = "1,2";
				TEST_TARGET_NAME = iExpense;
			};
			name = Release;
		};
/* End XCBuildConfiguration section */

/* Begin XCConfigurationList section */
		C99FAFFD28A0A2B2001BE269 /* Build configuration list for PBXProject "iExpense" */ = {
			isa = XCConfigurationList;
			buildConfigurations = (
				C99FB02428A0A2B3001BE269 /* Debug */,
				C99FB02528A0A2B3001BE269 /* Release */,
			);
			defaultConfigurationIsVisible = 0;
			defaultConfigurationName = Release;
		};
		C99FB02628A0A2B3001BE269 /* Build configuration list for PBXNativeTarget "iExpense" */ = {
			isa = XCConfigurationList;
			buildConfigurations = (
				C99FB02728A0A2B3001BE269 /* Debug */,
				C99FB02828A0A2B3001BE269 /* Release */,
			);
			defaultConfigurationIsVisible = 0;
			defaultConfigurationName = Release;
		};
		C99FB02928A0A2B3001BE269 /* Build configuration list for PBXNativeTarget "iExpenseTests" */ = {
			isa = XCConfigurationList;
			buildConfigurations = (
				C99FB02A28A0A2B3001BE269 /* Debug */,
				C99FB02B28A0A2B3001BE269 /* Release */,
			);
			defaultConfigurationIsVisible = 0;
			defaultConfigurationName = Release;
		};
		C99FB02C28A0A2B3001BE269 /* Build configuration list for PBXNativeTarget "iExpenseUITests" */ = {
			isa = XCConfigurationList;
			buildConfigurations = (
				C99FB02D28A0A2B3001BE269 /* Debug */,
				C99FB02E28A0A2B3001BE269 /* Release */,
			);
			defaultConfigurationIsVisible = 0;
			defaultConfigurationName = Release;
		};
/* End XCConfigurationList section */
	};
	rootObject = C99FAFFA28A0A2B2001BE269 /* Project object */;
}
